
Microsoft Visual Studio Solution File, Format Version 12.00
# Visual Studio Version 16
VisualStudioVersion = 16.0.29728.190
MinimumVisualStudioVersion = 10.0.40219.1
Project("{FAE04EC0-301F-11D3-BF4B-00C04F79EFBC}") = "CodeDemoExtract", "CodeDemoExtract\CodeDemoExtract.csproj", "{09DCB7FA-AF8B-47B5-AADF-0ABC77D96B86}"
EndProject
Global
	GlobalSection(SolutionConfigurationPlatforms) = preSolution
		Debug|Any CPU = Debug|Any CPU
		Release|Any CPU = Release|Any CPU
	EndGlobalSection
	GlobalSection(ProjectConfigurationPlatforms) = postSolution
		{09DCB7FA-AF8B-47B5-AADF-0ABC77D96B86}.Debug|Any CPU.ActiveCfg = Debug|Any CPU
		{09DCB7FA-AF8B-47B5-AADF-0ABC77D96B86}.Debug|Any CPU.Build.0 = Debug|Any CPU
		{09DCB7FA-AF8B-47B5-AADF-0ABC77D96B86}.Release|Any CPU.ActiveCfg = Release|Any CPU
		{09DCB7FA-AF8B-47B5-AADF-0ABC77D96B86}.Release|Any CPU.Build.0 = Release|Any CPU
	EndGlobalSection
	GlobalSection(SolutionProperties) = preSolution
		HideSolutionNode = FALSE
	EndGlobalSection
	GlobalSection(ExtensibilityGlobals) = postSolution
		SolutionGuid = {EDAEE3C5-B7A8-4128-841B-786388B94CB5}
	EndGlobalSection
EndGlobal
