
Microsoft Visual Studio Solution File, Format Version 12.00
# Visual Studio Version 16
VisualStudioVersion = 16.0.29728.190
MinimumVisualStudioVersion = 10.0.40219.1
Project("{FAE04EC0-301F-11D3-BF4B-00C04F79EFBC}") = "ShapesProgram", "ShapesProgram\ShapesProgram.csproj", "{82B29D78-E314-4B21-B39C-F7B201B0DAB5}"
EndProject
Global
	GlobalSection(SolutionConfigurationPlatforms) = preSolution
		Debug|Any CPU = Debug|Any CPU
		Release|Any CPU = Release|Any CPU
	EndGlobalSection
	GlobalSection(ProjectConfigurationPlatforms) = postSolution
		{82B29D78-E314-4B21-B39C-F7B201B0DAB5}.Debug|Any CPU.ActiveCfg = Debug|Any CPU
		{82B29D78-E314-4B21-B39C-F7B201B0DAB5}.Debug|Any CPU.Build.0 = Debug|Any CPU
		{82B29D78-E314-4B21-B39C-F7B201B0DAB5}.Release|Any CPU.ActiveCfg = Release|Any CPU
		{82B29D78-E314-4B21-B39C-F7B201B0DAB5}.Release|Any CPU.Build.0 = Release|Any CPU
	EndGlobalSection
	GlobalSection(SolutionProperties) = preSolution
		HideSolutionNode = FALSE
	EndGlobalSection
	GlobalSection(ExtensibilityGlobals) = postSolution
		SolutionGuid = {4D041EFB-5250-4D63-9202-E765CF44D52F}
	EndGlobalSection
EndGlobal
